
Microsoft Visual Studio Solution File, Format Version 12.00
# Visual Studio Version 17
VisualStudioVersion = 17.8.34511.84
MinimumVisualStudioVersion = 10.0.40219.1
Project("{FAE04EC0-301F-11D3-BF4B-00C04F79EFBC}") = "seleniumapp", "seleniumapp\seleniumapp.csproj", "{F08A4842-F81E-48E4-A818-0E8A7268F89E}"
EndProject
Global
	GlobalSection(SolutionConfigurationPlatforms) = preSolution
		Debug|Any CPU = Debug|Any CPU
		Release|Any CPU = Release|Any CPU
	EndGlobalSection
	GlobalSection(ProjectConfigurationPlatforms) = postSolution
		{F08A4842-F81E-48E4-A818-0E8A7268F89E}.Debug|Any CPU.ActiveCfg = Debug|Any CPU
		{F08A4842-F81E-48E4-A818-0E8A7268F89E}.Debug|Any CPU.Build.0 = Debug|Any CPU
		{F08A4842-F81E-48E4-A818-0E8A7268F89E}.Release|Any CPU.ActiveCfg = Release|Any CPU
		{F08A4842-F81E-48E4-A818-0E8A7268F89E}.Release|Any CPU.Build.0 = Release|Any CPU
	EndGlobalSection
	GlobalSection(SolutionProperties) = preSolution
		HideSolutionNode = FALSE
	EndGlobalSection
	GlobalSection(ExtensibilityGlobals) = postSolution
		SolutionGuid = {4A13B77A-D116-4750-B22B-D114C46E5159}
	EndGlobalSection
EndGlobal
